
Microsoft Visual Studio Solution File, Format Version 12.00
# Visual Studio Version 17
VisualStudioVersion = 17.13.35825.156 d17.13
MinimumVisualStudioVersion = 10.0.40219.1
Project("{FAE04EC0-301F-11D3-BF4B-00C04F79EFBC}") = "api-cleany-app", "api-cleany-app.csproj", "{21FCF8BA-F21A-460D-B15A-08D107D92738}"
EndProject
Global
	GlobalSection(SolutionConfigurationPlatforms) = preSolution
		Debug|Any CPU = Debug|Any CPU
		Release|Any CPU = Release|Any CPU
	EndGlobalSection
	GlobalSection(ProjectConfigurationPlatforms) = postSolution
		{21FCF8BA-F21A-460D-B15A-08D107D92738}.Debug|Any CPU.ActiveCfg = Debug|Any CPU
		{21FCF8BA-F21A-460D-B15A-08D107D92738}.Debug|Any CPU.Build.0 = Debug|Any CPU
		{21FCF8BA-F21A-460D-B15A-08D107D92738}.Release|Any CPU.ActiveCfg = Release|Any CPU
		{21FCF8BA-F21A-460D-B15A-08D107D92738}.Release|Any CPU.Build.0 = Release|Any CPU
	EndGlobalSection
	GlobalSection(SolutionProperties) = preSolution
		HideSolutionNode = FALSE
	EndGlobalSection
	GlobalSection(ExtensibilityGlobals) = postSolution
		SolutionGuid = {C43B011E-4347-4666-9E37-35229BB5F63D}
	EndGlobalSection
EndGlobal
